
Microsoft Visual Studio Solution File, Format Version 12.00
# Visual Studio Version 17
VisualStudioVersion = 17.7.34202.233
MinimumVisualStudioVersion = 10.0.40219.1
Project("{FAE04EC0-301F-11D3-BF4B-00C04F79EFBC}") = "WEB_MMT", "WEB_MMT\WEB_MMT.csproj", "{3EFB9646-1B02-4CDE-90D2-EF392EBAFE60}"
EndProject
Global
	GlobalSection(SolutionConfigurationPlatforms) = preSolution
		Debug|Any CPU = Debug|Any CPU
		Release|Any CPU = Release|Any CPU
	EndGlobalSection
	GlobalSection(ProjectConfigurationPlatforms) = postSolution
		{3EFB9646-1B02-4CDE-90D2-EF392EBAFE60}.Debug|Any CPU.ActiveCfg = Debug|Any CPU
		{3EFB9646-1B02-4CDE-90D2-EF392EBAFE60}.Debug|Any CPU.Build.0 = Debug|Any CPU
		{3EFB9646-1B02-4CDE-90D2-EF392EBAFE60}.Release|Any CPU.ActiveCfg = Release|Any CPU
		{3EFB9646-1B02-4CDE-90D2-EF392EBAFE60}.Release|Any CPU.Build.0 = Release|Any CPU
	EndGlobalSection
	GlobalSection(SolutionProperties) = preSolution
		HideSolutionNode = FALSE
	EndGlobalSection
	GlobalSection(ExtensibilityGlobals) = postSolution
		SolutionGuid = {830ED249-168D-474B-A377-16B5C7EC73E9}
	EndGlobalSection
EndGlobal
